
Microsoft Visual Studio Solution File, Format Version 12.00
# Visual Studio 15
VisualStudioVersion = 15.0.27130.2027
MinimumVisualStudioVersion = 10.0.40219.1
Project("{FAE04EC0-301F-11D3-BF4B-00C04F79EFBC}") = "SpecificationPattern", "SpecificationPattern\SpecificationPattern.csproj", "{DAE3DA62-8D03-4152-B4BA-7D100E19B798}"
EndProject
Project("{FAE04EC0-301F-11D3-BF4B-00C04F79EFBC}") = "Infrastructure", "Infrastructure\Infrastructure.csproj", "{DF4A0691-ECDA-4E8F-8CBA-4277F2F2E402}"
EndProject
Project("{FAE04EC0-301F-11D3-BF4B-00C04F79EFBC}") = "Domain", "Domain\Domain.csproj", "{364C2968-9F0A-405F-A899-F0C9606F4D47}"
EndProject
Global
	GlobalSection(SolutionConfigurationPlatforms) = preSolution
		Debug|Any CPU = Debug|Any CPU
		Release|Any CPU = Release|Any CPU
	EndGlobalSection
	GlobalSection(ProjectConfigurationPlatforms) = postSolution
		{DAE3DA62-8D03-4152-B4BA-7D100E19B798}.Debug|Any CPU.ActiveCfg = Debug|Any CPU
		{DAE3DA62-8D03-4152-B4BA-7D100E19B798}.Debug|Any CPU.Build.0 = Debug|Any CPU
		{DAE3DA62-8D03-4152-B4BA-7D100E19B798}.Release|Any CPU.ActiveCfg = Release|Any CPU
		{DAE3DA62-8D03-4152-B4BA-7D100E19B798}.Release|Any CPU.Build.0 = Release|Any CPU
		{DF4A0691-ECDA-4E8F-8CBA-4277F2F2E402}.Debug|Any CPU.ActiveCfg = Debug|Any CPU
		{DF4A0691-ECDA-4E8F-8CBA-4277F2F2E402}.Debug|Any CPU.Build.0 = Debug|Any CPU
		{DF4A0691-ECDA-4E8F-8CBA-4277F2F2E402}.Release|Any CPU.ActiveCfg = Release|Any CPU
		{DF4A0691-ECDA-4E8F-8CBA-4277F2F2E402}.Release|Any CPU.Build.0 = Release|Any CPU
		{364C2968-9F0A-405F-A899-F0C9606F4D47}.Debug|Any CPU.ActiveCfg = Debug|Any CPU
		{364C2968-9F0A-405F-A899-F0C9606F4D47}.Debug|Any CPU.Build.0 = Debug|Any CPU
		{364C2968-9F0A-405F-A899-F0C9606F4D47}.Release|Any CPU.ActiveCfg = Release|Any CPU
		{364C2968-9F0A-405F-A899-F0C9606F4D47}.Release|Any CPU.Build.0 = Release|Any CPU
	EndGlobalSection
	GlobalSection(SolutionProperties) = preSolution
		HideSolutionNode = FALSE
	EndGlobalSection
	GlobalSection(ExtensibilityGlobals) = postSolution
		SolutionGuid = {8545ED78-0468-416A-B16A-FCE0B76A564B}
	EndGlobalSection
EndGlobal
